%{
  "hpax": {:hex, :hpax, "0.1.1", "2396c313683ada39e98c20a75a82911592b47e5c24391363343bde74f82396ca", [:mix], [], "hexpm", "0ae7d5a0b04a8a60caf7a39fcf3ec476f35cc2cc16c05abea730d3ce6ac6c826"},
  "mint": {:hex, :mint, "1.4.2", "50330223429a6e1260b2ca5415f69b0ab086141bc76dc2fbf34d7c389a6675b2", [:mix], [{:castore, "~> 0.1.0", [hex: :castore, repo: "hexpm", optional: true]}, {:hpax, "~> 0.1.1", [hex: :hpax, repo: "hexpm", optional: false]}], "hexpm", "ce75a5bbcc59b4d7d8d70f8b2fc284b1751ffb35c7b6a6302b5192f8ab4ddd80"},
  "mint_web_socket": {:hex, :mint_web_socket, "1.0.0", "b33e534a938ec10736cef2b00cd485f6abd70aef68b9194f4d92fe2f7b8bba06", [:mix], [{:mint, "~> 1.4 and >= 1.4.1", [hex: :mint, repo: "hexpm", optional: false]}], "hexpm", "3d4fd81190fe60f16fef5ade89e008463d72e6a608a7f6af9041cd8b47458e30"},
}
